
Microsoft Visual Studio Solution File, Format Version 12.00
# Visual Studio 14
VisualStudioVersion = 14.0.25420.1
MinimumVisualStudioVersion = 10.0.40219.1
Project("{2150E333-8FDC-42A3-9474-1A3956D46DE8}") = "src", "src", "{A2BA83E6-623A-4295-BB16-BAD53D6AA7EF}"
EndProject
Project("{2150E333-8FDC-42A3-9474-1A3956D46DE8}") = "Solution Items", "Solution Items", "{43100AA0-E7F4-4303-9EA1-D39205229141}"
	ProjectSection(SolutionItems) = preProject
		global.json = global.json
	EndProjectSection
EndProject
Project("{8BB2217D-0F2D-49D1-97BC-3654ED321F3B}") = "Rediscachedemo", "src\Rediscachedemo\Rediscachedemo.xproj", "{7DC756F5-CCDC-4C1A-9F81-44665D8C7ABA}"
EndProject
Global
	GlobalSection(SolutionConfigurationPlatforms) = preSolution
		Debug|Any CPU = Debug|Any CPU
		Release|Any CPU = Release|Any CPU
	EndGlobalSection
	GlobalSection(ProjectConfigurationPlatforms) = postSolution
		{7DC756F5-CCDC-4C1A-9F81-44665D8C7ABA}.Debug|Any CPU.ActiveCfg = Debug|Any CPU
		{7DC756F5-CCDC-4C1A-9F81-44665D8C7ABA}.Debug|Any CPU.Build.0 = Debug|Any CPU
		{7DC756F5-CCDC-4C1A-9F81-44665D8C7ABA}.Release|Any CPU.ActiveCfg = Release|Any CPU
		{7DC756F5-CCDC-4C1A-9F81-44665D8C7ABA}.Release|Any CPU.Build.0 = Release|Any CPU
	EndGlobalSection
	GlobalSection(SolutionProperties) = preSolution
		HideSolutionNode = FALSE
	EndGlobalSection
	GlobalSection(NestedProjects) = preSolution
		{7DC756F5-CCDC-4C1A-9F81-44665D8C7ABA} = {A2BA83E6-623A-4295-BB16-BAD53D6AA7EF}
	EndGlobalSection
EndGlobal
